
Microsoft Visual Studio Solution File, Format Version 12.00
# Visual Studio Version 17
VisualStudioVersion = 17.0.31903.59
MinimumVisualStudioVersion = 10.0.40219.1
Project("{2150E333-8FDC-42A3-9474-1A3956D46DE8}") = "src", "src", "{827E0CD3-B72D-47B6-A68D-7590B98EB39B}"
EndProject
Project("{FAE04EC0-301F-11D3-BF4B-00C04F79EFBC}") = "TraderService.Api", "src\TraderService.Api\TraderService.Api.csproj", "{393E99CE-D143-4C4E-AEDC-74E94D4386FB}"
EndProject
Project("{FAE04EC0-301F-11D3-BF4B-00C04F79EFBC}") = "SubscriptionService.Api", "src\SubscriptionService.Api\SubscriptionService.Api.csproj", "{1777CF1C-8413-45E1-9D6E-5D1D16CD8F70}"
EndProject
Project("{FAE04EC0-301F-11D3-BF4B-00C04F79EFBC}") = "AccountingService.Api", "src\AccountingService.Api\AccountingService.Api.csproj", "{A6DE7191-E738-44D6-9D1F-55E8330AACF3}"
EndProject
Project("{FAE04EC0-301F-11D3-BF4B-00C04F79EFBC}") = "ExchangeProxyService.Api", "src\ExchangeProxyService.Api\ExchangeProxyService.Api.csproj", "{A054B896-6A5A-4A81-AE2B-D4498962A21F}"
EndProject
Project("{FAE04EC0-301F-11D3-BF4B-00C04F79EFBC}") = "CopyEngineService.Worker", "src\CopyEngineService.Worker\CopyEngineService.Worker.csproj", "{27E1623B-B1B3-4A74-BC07-4F47C88472F6}"
EndProject
Project("{FAE04EC0-301F-11D3-BF4B-00C04F79EFBC}") = "Shared.Contracts", "src\Shared.Contracts\Shared.Contracts.csproj", "{DA971C1A-20EB-44C9-B5B4-1FE6353B3F70}"
EndProject
Project("{FAE04EC0-301F-11D3-BF4B-00C04F79EFBC}") = "Shared.Infrastructure", "src\Shared.Infrastructure\Shared.Infrastructure.csproj", "{A862873F-33AD-487E-A973-80F544A475AC}"
EndProject
Global
	GlobalSection(SolutionConfigurationPlatforms) = preSolution
		Debug|Any CPU = Debug|Any CPU
		Debug|x64 = Debug|x64
		Debug|x86 = Debug|x86
		Release|Any CPU = Release|Any CPU
		Release|x64 = Release|x64
		Release|x86 = Release|x86
	EndGlobalSection
	GlobalSection(SolutionProperties) = preSolution
		HideSolutionNode = FALSE
	EndGlobalSection
	GlobalSection(ProjectConfigurationPlatforms) = postSolution
		{393E99CE-D143-4C4E-AEDC-74E94D4386FB}.Debug|Any CPU.ActiveCfg = Debug|Any CPU
		{393E99CE-D143-4C4E-AEDC-74E94D4386FB}.Debug|Any CPU.Build.0 = Debug|Any CPU
		{393E99CE-D143-4C4E-AEDC-74E94D4386FB}.Debug|x64.ActiveCfg = Debug|Any CPU
		{393E99CE-D143-4C4E-AEDC-74E94D4386FB}.Debug|x64.Build.0 = Debug|Any CPU
		{393E99CE-D143-4C4E-AEDC-74E94D4386FB}.Debug|x86.ActiveCfg = Debug|Any CPU
		{393E99CE-D143-4C4E-AEDC-74E94D4386FB}.Debug|x86.Build.0 = Debug|Any CPU
		{393E99CE-D143-4C4E-AEDC-74E94D4386FB}.Release|Any CPU.ActiveCfg = Release|Any CPU
		{393E99CE-D143-4C4E-AEDC-74E94D4386FB}.Release|Any CPU.Build.0 = Release|Any CPU
		{393E99CE-D143-4C4E-AEDC-74E94D4386FB}.Release|x64.ActiveCfg = Release|Any CPU
		{393E99CE-D143-4C4E-AEDC-74E94D4386FB}.Release|x64.Build.0 = Release|Any CPU
		{393E99CE-D143-4C4E-AEDC-74E94D4386FB}.Release|x86.ActiveCfg = Release|Any CPU
		{393E99CE-D143-4C4E-AEDC-74E94D4386FB}.Release|x86.Build.0 = Release|Any CPU
		{1777CF1C-8413-45E1-9D6E-5D1D16CD8F70}.Debug|Any CPU.ActiveCfg = Debug|Any CPU
		{1777CF1C-8413-45E1-9D6E-5D1D16CD8F70}.Debug|Any CPU.Build.0 = Debug|Any CPU
		{1777CF1C-8413-45E1-9D6E-5D1D16CD8F70}.Debug|x64.ActiveCfg = Debug|Any CPU
		{1777CF1C-8413-45E1-9D6E-5D1D16CD8F70}.Debug|x64.Build.0 = Debug|Any CPU
		{1777CF1C-8413-45E1-9D6E-5D1D16CD8F70}.Debug|x86.ActiveCfg = Debug|Any CPU
		{1777CF1C-8413-45E1-9D6E-5D1D16CD8F70}.Debug|x86.Build.0 = Debug|Any CPU
		{1777CF1C-8413-45E1-9D6E-5D1D16CD8F70}.Release|Any CPU.ActiveCfg = Release|Any CPU
		{1777CF1C-8413-45E1-9D6E-5D1D16CD8F70}.Release|Any CPU.Build.0 = Release|Any CPU
		{1777CF1C-8413-45E1-9D6E-5D1D16CD8F70}.Release|x64.ActiveCfg = Release|Any CPU
		{1777CF1C-8413-45E1-9D6E-5D1D16CD8F70}.Release|x64.Build.0 = Release|Any CPU
		{1777CF1C-8413-45E1-9D6E-5D1D16CD8F70}.Release|x86.ActiveCfg = Release|Any CPU
		{1777CF1C-8413-45E1-9D6E-5D1D16CD8F70}.Release|x86.Build.0 = Release|Any CPU
		{A6DE7191-E738-44D6-9D1F-55E8330AACF3}.Debug|Any CPU.ActiveCfg = Debug|Any CPU
		{A6DE7191-E738-44D6-9D1F-55E8330AACF3}.Debug|Any CPU.Build.0 = Debug|Any CPU
		{A6DE7191-E738-44D6-9D1F-55E8330AACF3}.Debug|x64.ActiveCfg = Debug|Any CPU
		{A6DE7191-E738-44D6-9D1F-55E8330AACF3}.Debug|x64.Build.0 = Debug|Any CPU
		{A6DE7191-E738-44D6-9D1F-55E8330AACF3}.Debug|x86.ActiveCfg = Debug|Any CPU
		{A6DE7191-E738-44D6-9D1F-55E8330AACF3}.Debug|x86.Build.0 = Debug|Any CPU
		{A6DE7191-E738-44D6-9D1F-55E8330AACF3}.Release|Any CPU.ActiveCfg = Release|Any CPU
		{A6DE7191-E738-44D6-9D1F-55E8330AACF3}.Release|Any CPU.Build.0 = Release|Any CPU
		{A6DE7191-E738-44D6-9D1F-55E8330AACF3}.Release|x64.ActiveCfg = Release|Any CPU
		{A6DE7191-E738-44D6-9D1F-55E8330AACF3}.Release|x64.Build.0 = Release|Any CPU
		{A6DE7191-E738-44D6-9D1F-55E8330AACF3}.Release|x86.ActiveCfg = Release|Any CPU
		{A6DE7191-E738-44D6-9D1F-55E8330AACF3}.Release|x86.Build.0 = Release|Any CPU
		{A054B896-6A5A-4A81-AE2B-D4498962A21F}.Debug|Any CPU.ActiveCfg = Debug|Any CPU
		{A054B896-6A5A-4A81-AE2B-D4498962A21F}.Debug|Any CPU.Build.0 = Debug|Any CPU
		{A054B896-6A5A-4A81-AE2B-D4498962A21F}.Debug|x64.ActiveCfg = Debug|Any CPU
		{A054B896-6A5A-4A81-AE2B-D4498962A21F}.Debug|x64.Build.0 = Debug|Any CPU
		{A054B896-6A5A-4A81-AE2B-D4498962A21F}.Debug|x86.ActiveCfg = Debug|Any CPU
		{A054B896-6A5A-4A81-AE2B-D4498962A21F}.Debug|x86.Build.0 = Debug|Any CPU
		{A054B896-6A5A-4A81-AE2B-D4498962A21F}.Release|Any CPU.ActiveCfg = Release|Any CPU
		{A054B896-6A5A-4A81-AE2B-D4498962A21F}.Release|Any CPU.Build.0 = Release|Any CPU
		{A054B896-6A5A-4A81-AE2B-D4498962A21F}.Release|x64.ActiveCfg = Release|Any CPU
		{A054B896-6A5A-4A81-AE2B-D4498962A21F}.Release|x64.Build.0 = Release|Any CPU
		{A054B896-6A5A-4A81-AE2B-D4498962A21F}.Release|x86.ActiveCfg = Release|Any CPU
		{A054B896-6A5A-4A81-AE2B-D4498962A21F}.Release|x86.Build.0 = Release|Any CPU
		{27E1623B-B1B3-4A74-BC07-4F47C88472F6}.Debug|Any CPU.ActiveCfg = Debug|Any CPU
		{27E1623B-B1B3-4A74-BC07-4F47C88472F6}.Debug|Any CPU.Build.0 = Debug|Any CPU
		{27E1623B-B1B3-4A74-BC07-4F47C88472F6}.Debug|x64.ActiveCfg = Debug|Any CPU
		{27E1623B-B1B3-4A74-BC07-4F47C88472F6}.Debug|x64.Build.0 = Debug|Any CPU
		{27E1623B-B1B3-4A74-BC07-4F47C88472F6}.Debug|x86.ActiveCfg = Debug|Any CPU
		{27E1623B-B1B3-4A74-BC07-4F47C88472F6}.Debug|x86.Build.0 = Debug|Any CPU
		{27E1623B-B1B3-4A74-BC07-4F47C88472F6}.Release|Any CPU.ActiveCfg = Release|Any CPU
		{27E1623B-B1B3-4A74-BC07-4F47C88472F6}.Release|Any CPU.Build.0 = Release|Any CPU
		{27E1623B-B1B3-4A74-BC07-4F47C88472F6}.Release|x64.ActiveCfg = Release|Any CPU
		{27E1623B-B1B3-4A74-BC07-4F47C88472F6}.Release|x64.Build.0 = Release|Any CPU
		{27E1623B-B1B3-4A74-BC07-4F47C88472F6}.Release|x86.ActiveCfg = Release|Any CPU
		{27E1623B-B1B3-4A74-BC07-4F47C88472F6}.Release|x86.Build.0 = Release|Any CPU
		{DA971C1A-20EB-44C9-B5B4-1FE6353B3F70}.Debug|Any CPU.ActiveCfg = Debug|Any CPU
		{DA971C1A-20EB-44C9-B5B4-1FE6353B3F70}.Debug|Any CPU.Build.0 = Debug|Any CPU
		{DA971C1A-20EB-44C9-B5B4-1FE6353B3F70}.Debug|x64.ActiveCfg = Debug|Any CPU
		{DA971C1A-20EB-44C9-B5B4-1FE6353B3F70}.Debug|x64.Build.0 = Debug|Any CPU
		{DA971C1A-20EB-44C9-B5B4-1FE6353B3F70}.Debug|x86.ActiveCfg = Debug|Any CPU
		{DA971C1A-20EB-44C9-B5B4-1FE6353B3F70}.Debug|x86.Build.0 = Debug|Any CPU
		{DA971C1A-20EB-44C9-B5B4-1FE6353B3F70}.Release|Any CPU.ActiveCfg = Release|Any CPU
		{DA971C1A-20EB-44C9-B5B4-1FE6353B3F70}.Release|Any CPU.Build.0 = Release|Any CPU
		{DA971C1A-20EB-44C9-B5B4-1FE6353B3F70}.Release|x64.ActiveCfg = Release|Any CPU
		{DA971C1A-20EB-44C9-B5B4-1FE6353B3F70}.Release|x64.Build.0 = Release|Any CPU
		{DA971C1A-20EB-44C9-B5B4-1FE6353B3F70}.Release|x86.ActiveCfg = Release|Any CPU
		{DA971C1A-20EB-44C9-B5B4-1FE6353B3F70}.Release|x86.Build.0 = Release|Any CPU
		{A862873F-33AD-487E-A973-80F544A475AC}.Debug|Any CPU.ActiveCfg = Debug|Any CPU
		{A862873F-33AD-487E-A973-80F544A475AC}.Debug|Any CPU.Build.0 = Debug|Any CPU
		{A862873F-33AD-487E-A973-80F544A475AC}.Debug|x64.ActiveCfg = Debug|Any CPU
		{A862873F-33AD-487E-A973-80F544A475AC}.Debug|x64.Build.0 = Debug|Any CPU
		{A862873F-33AD-487E-A973-80F544A475AC}.Debug|x86.ActiveCfg = Debug|Any CPU
		{A862873F-33AD-487E-A973-80F544A475AC}.Debug|x86.Build.0 = Debug|Any CPU
		{A862873F-33AD-487E-A973-80F544A475AC}.Release|Any CPU.ActiveCfg = Release|Any CPU
		{A862873F-33AD-487E-A973-80F544A475AC}.Release|Any CPU.Build.0 = Release|Any CPU
		{A862873F-33AD-487E-A973-80F544A475AC}.Release|x64.ActiveCfg = Release|Any CPU
		{A862873F-33AD-487E-A973-80F544A475AC}.Release|x64.Build.0 = Release|Any CPU
		{A862873F-33AD-487E-A973-80F544A475AC}.Release|x86.ActiveCfg = Release|Any CPU
		{A862873F-33AD-487E-A973-80F544A475AC}.Release|x86.Build.0 = Release|Any CPU
	EndGlobalSection
	GlobalSection(NestedProjects) = preSolution
		{393E99CE-D143-4C4E-AEDC-74E94D4386FB} = {827E0CD3-B72D-47B6-A68D-7590B98EB39B}
		{1777CF1C-8413-45E1-9D6E-5D1D16CD8F70} = {827E0CD3-B72D-47B6-A68D-7590B98EB39B}
		{A6DE7191-E738-44D6-9D1F-55E8330AACF3} = {827E0CD3-B72D-47B6-A68D-7590B98EB39B}
		{A054B896-6A5A-4A81-AE2B-D4498962A21F} = {827E0CD3-B72D-47B6-A68D-7590B98EB39B}
		{27E1623B-B1B3-4A74-BC07-4F47C88472F6} = {827E0CD3-B72D-47B6-A68D-7590B98EB39B}
		{DA971C1A-20EB-44C9-B5B4-1FE6353B3F70} = {827E0CD3-B72D-47B6-A68D-7590B98EB39B}
		{A862873F-33AD-487E-A973-80F544A475AC} = {827E0CD3-B72D-47B6-A68D-7590B98EB39B}
	EndGlobalSection
EndGlobal
